
Microsoft Visual Studio Solution File, Format Version 12.00
# Visual Studio Version 17
VisualStudioVersion = 17.9.34723.18
MinimumVisualStudioVersion = 10.0.40219.1
Project("{FAE04EC0-301F-11D3-BF4B-00C04F79EFBC}") = "Cadastro em C#", "Cadastro em C#\Cadastro em C#.csproj", "{1FBF35FD-ABF2-4BA4-AAF4-28FA1843E5AE}"
EndProject
Global
	GlobalSection(SolutionConfigurationPlatforms) = preSolution
		Debug|Any CPU = Debug|Any CPU
		Release|Any CPU = Release|Any CPU
	EndGlobalSection
	GlobalSection(ProjectConfigurationPlatforms) = postSolution
		{1FBF35FD-ABF2-4BA4-AAF4-28FA1843E5AE}.Debug|Any CPU.ActiveCfg = Debug|Any CPU
		{1FBF35FD-ABF2-4BA4-AAF4-28FA1843E5AE}.Debug|Any CPU.Build.0 = Debug|Any CPU
		{1FBF35FD-ABF2-4BA4-AAF4-28FA1843E5AE}.Release|Any CPU.ActiveCfg = Release|Any CPU
		{1FBF35FD-ABF2-4BA4-AAF4-28FA1843E5AE}.Release|Any CPU.Build.0 = Release|Any CPU
	EndGlobalSection
	GlobalSection(SolutionProperties) = preSolution
		HideSolutionNode = FALSE
	EndGlobalSection
	GlobalSection(ExtensibilityGlobals) = postSolution
		SolutionGuid = {43BF9ED9-41EC-4F54-B398-3A73F355EC63}
	EndGlobalSection
EndGlobal
